// !$*UTF8*$!
{
	archiveVersion = 1;
	classes = {
	};
	objectVersion = 56;
	objects = {

/* Begin PBXBuildFile section */
		8B028A8F2B54534E002F87AF /* LandMarkDetail.swift in Sources */ = {isa = PBXBuildFile; fileRef = 8B028A8E2B54534E002F87AF /* LandMarkDetail.swift */; };
		8B04B12E2B45F4E3006B1914 /* LandMapView.swift in Sources */ = {isa = PBXBuildFile; fileRef = 8B04B12D2B45F4E3006B1914 /* LandMapView.swift */; };
		8B39BF0E2B448CEF000DCAC0 /* LandMarkApp.swift in Sources */ = {isa = PBXBuildFile; fileRef = 8B39BF0D2B448CEF000DCAC0 /* LandMarkApp.swift */; };
		8B39BF102B448CEF000DCAC0 /* ContentView.swift in Sources */ = {isa = PBXBuildFile; fileRef = 8B39BF0F2B448CEF000DCAC0 /* ContentView.swift */; };
		8B39BF122B448CF1000DCAC0 /* Assets.xcassets in Resources */ = {isa = PBXBuildFile; fileRef = 8B39BF112B448CF1000DCAC0 /* Assets.xcassets */; };
		8B39BF152B448CF1000DCAC0 /* Preview Assets.xcassets in Resources */ = {isa = PBXBuildFile; fileRef = 8B39BF142B448CF1000DCAC0 /* Preview Assets.xcassets */; };
		8B39BF1F2B448CF1000DCAC0 /* LandMarkTests.swift in Sources */ = {isa = PBXBuildFile; fileRef = 8B39BF1E2B448CF1000DCAC0 /* LandMarkTests.swift */; };
		8B39BF292B448CF1000DCAC0 /* LandMarkUITests.swift in Sources */ = {isa = PBXBuildFile; fileRef = 8B39BF282B448CF1000DCAC0 /* LandMarkUITests.swift */; };
		8B39BF2B2B448CF1000DCAC0 /* LandMarkUITestsLaunchTests.swift in Sources */ = {isa = PBXBuildFile; fileRef = 8B39BF2A2B448CF1000DCAC0 /* LandMarkUITestsLaunchTests.swift */; };
		8B39BF382B448DE6000DCAC0 /* CircularImageView.swift in Sources */ = {isa = PBXBuildFile; fileRef = 8B39BF372B448DE6000DCAC0 /* CircularImageView.swift */; };
		8B5141282B49DFE500B03C46 /* landmarkData.json in Resources */ = {isa = PBXBuildFile; fileRef = 8B5141272B49DFE400B03C46 /* landmarkData.json */; };
		8B5141292B49DFE500B03C46 /* landmarkData.json in Resources */ = {isa = PBXBuildFile; fileRef = 8B5141272B49DFE400B03C46 /* landmarkData.json */; };
		8B51412A2B49DFE500B03C46 /* landmarkData.json in Resources */ = {isa = PBXBuildFile; fileRef = 8B5141272B49DFE400B03C46 /* landmarkData.json */; };
		8B51412C2B49E17000B03C46 /* LandMark.swift in Sources */ = {isa = PBXBuildFile; fileRef = 8B51412B2B49E17000B03C46 /* LandMark.swift */; };
		8B51412D2B49E17000B03C46 /* LandMark.swift in Sources */ = {isa = PBXBuildFile; fileRef = 8B51412B2B49E17000B03C46 /* LandMark.swift */; };
		8B51412E2B49E17000B03C46 /* LandMark.swift in Sources */ = {isa = PBXBuildFile; fileRef = 8B51412B2B49E17000B03C46 /* LandMark.swift */; };
		8B9201112B4B2B1F00FEA908 /* ModelData.swift in Sources */ = {isa = PBXBuildFile; fileRef = 8B9201102B4B2B1F00FEA908 /* ModelData.swift */; };
		8B9201122B4B2B1F00FEA908 /* ModelData.swift in Sources */ = {isa = PBXBuildFile; fileRef = 8B9201102B4B2B1F00FEA908 /* ModelData.swift */; };
		8B9201132B4B2B1F00FEA908 /* ModelData.swift in Sources */ = {isa = PBXBuildFile; fileRef = 8B9201102B4B2B1F00FEA908 /* ModelData.swift */; };
		8B9368A92E41FA570014AE6E /* CategoryRow.swift in Sources */ = {isa = PBXBuildFile; fileRef = 8B9368A82E41FA570014AE6E /* CategoryRow.swift */; };
		8B9368AB2E41FFC70014AE6E /* CategoryItem.swift in Sources */ = {isa = PBXBuildFile; fileRef = 8B9368AA2E41FFC70014AE6E /* CategoryItem.swift */; };
		8B9368AE2E4222400014AE6E /* Profile.swift in Sources */ = {isa = PBXBuildFile; fileRef = 8B9368AD2E4222400014AE6E /* Profile.swift */; };
		8B9368B02E42269D0014AE6E /* ProfileHost.swift in Sources */ = {isa = PBXBuildFile; fileRef = 8B9368AF2E42269D0014AE6E /* ProfileHost.swift */; };
		8B9368B22E4226F60014AE6E /* ProfileSummary.swift in Sources */ = {isa = PBXBuildFile; fileRef = 8B9368B12E4226F60014AE6E /* ProfileSummary.swift */; };
		8B9368B82E422A1A0014AE6E /* Badge.swift in Sources */ = {isa = PBXBuildFile; fileRef = 8B9368B72E422A1A0014AE6E /* Badge.swift */; };
		8B9368BA2E422A500014AE6E /* BadgeBackground.swift in Sources */ = {isa = PBXBuildFile; fileRef = 8B9368B92E422A500014AE6E /* BadgeBackground.swift */; };
		8B9368BC2E422A650014AE6E /* BadgeSymbol.swift in Sources */ = {isa = PBXBuildFile; fileRef = 8B9368BB2E422A650014AE6E /* BadgeSymbol.swift */; };
		8B9368BE2E422A870014AE6E /* RotatedBadgeSymbol.swift in Sources */ = {isa = PBXBuildFile; fileRef = 8B9368BD2E422A870014AE6E /* RotatedBadgeSymbol.swift */; };
		8B9368C02E422AA00014AE6E /* HexagonParameters.swift in Sources */ = {isa = PBXBuildFile; fileRef = 8B9368BF2E422AA00014AE6E /* HexagonParameters.swift */; };
		8B9368C22E422F600014AE6E /* HikeBadge.swift in Sources */ = {isa = PBXBuildFile; fileRef = 8B9368C12E422F600014AE6E /* HikeBadge.swift */; };
		8B9368C42E4238590014AE6E /* ProfileEditor.swift in Sources */ = {isa = PBXBuildFile; fileRef = 8B9368C32E4238590014AE6E /* ProfileEditor.swift */; };
		8B9F06482B7175130002607F /* GraphCapsule.swift in Sources */ = {isa = PBXBuildFile; fileRef = 8B9F06442B7175130002607F /* GraphCapsule.swift */; };
		8B9F06492B7175130002607F /* HikeGraph.swift in Sources */ = {isa = PBXBuildFile; fileRef = 8B9F06452B7175130002607F /* HikeGraph.swift */; };
		8B9F064A2B7175130002607F /* HikeDetail.swift in Sources */ = {isa = PBXBuildFile; fileRef = 8B9F06462B7175130002607F /* HikeDetail.swift */; };
		8B9F064B2B7175130002607F /* HikeView.swift in Sources */ = {isa = PBXBuildFile; fileRef = 8B9F06472B7175130002607F /* HikeView.swift */; };
		8BAF3B562B51CD6F002ACECE /* LandMarkList.swift in Sources */ = {isa = PBXBuildFile; fileRef = 8BAF3B552B51CD6F002ACECE /* LandMarkList.swift */; };
		8BB6F0452B59ABCA00093F66 /* FavoriteButton.swift in Sources */ = {isa = PBXBuildFile; fileRef = 8BB6F0442B59ABCA00093F66 /* FavoriteButton.swift */; };
		8BC7D6C12B868DA300A1AB5A /* CategoryHome.swift in Sources */ = {isa = PBXBuildFile; fileRef = 8BC7D6C02B868DA300A1AB5A /* CategoryHome.swift */; };
		8BCF553D2B6ADC1800B164BE /* hikeData.json in Resources */ = {isa = PBXBuildFile; fileRef = 8BCF553C2B6ADC1800B164BE /* hikeData.json */; };
		8BD509C42B4DD44400098842 /* LandMarkRow.swift in Sources */ = {isa = PBXBuildFile; fileRef = 8BD509C32B4DD44400098842 /* LandMarkRow.swift */; };
		8BD509C52B4DD44400098842 /* LandMarkRow.swift in Sources */ = {isa = PBXBuildFile; fileRef = 8BD509C32B4DD44400098842 /* LandMarkRow.swift */; };
		8BD509C62B4DD44400098842 /* LandMarkRow.swift in Sources */ = {isa = PBXBuildFile; fileRef = 8BD509C32B4DD44400098842 /* LandMarkRow.swift */; };
		8BF6C6BD2B6D7A1F003DB64F /* Hike.swift in Sources */ = {isa = PBXBuildFile; fileRef = 8BF6C6BC2B6D7A1F003DB64F /* Hike.swift */; };
/* End PBXBuildFile section */

/* Begin PBXContainerItemProxy section */
		8B39BF1B2B448CF1000DCAC0 /* PBXContainerItemProxy */ = {
			isa = PBXContainerItemProxy;
			containerPortal = 8B39BF022B448CEF000DCAC0 /* Project object */;
			proxyType = 1;
			remoteGlobalIDString = 8B39BF092B448CEF000DCAC0;
			remoteInfo = LandMark;
		};
		8B39BF252B448CF1000DCAC0 /* PBXContainerItemProxy */ = {
			isa = PBXContainerItemProxy;
			containerPortal = 8B39BF022B448CEF000DCAC0 /* Project object */;
			proxyType = 1;
			remoteGlobalIDString = 8B39BF092B448CEF000DCAC0;
			remoteInfo = LandMark;
		};
/* End PBXContainerItemProxy section */

/* Begin PBXFileReference section */
		8B028A8E2B54534E002F87AF /* LandMarkDetail.swift */ = {isa = PBXFileReference; lastKnownFileType = sourcecode.swift; path = LandMarkDetail.swift; sourceTree = "<group>"; };
		8B04B12D2B45F4E3006B1914 /* LandMapView.swift */ = {isa = PBXFileReference; lastKnownFileType = sourcecode.swift; path = LandMapView.swift; sourceTree = "<group>"; };
		8B39BF0A2B448CEF000DCAC0 /* LandMark.app */ = {isa = PBXFileReference; explicitFileType = wrapper.application; includeInIndex = 0; path = LandMark.app; sourceTree = BUILT_PRODUCTS_DIR; };
		8B39BF0D2B448CEF000DCAC0 /* LandMarkApp.swift */ = {isa = PBXFileReference; lastKnownFileType = sourcecode.swift; path = LandMarkApp.swift; sourceTree = "<group>"; };
		8B39BF0F2B448CEF000DCAC0 /* ContentView.swift */ = {isa = PBXFileReference; lastKnownFileType = sourcecode.swift; path = ContentView.swift; sourceTree = "<group>"; };
		8B39BF112B448CF1000DCAC0 /* Assets.xcassets */ = {isa = PBXFileReference; lastKnownFileType = folder.assetcatalog; path = Assets.xcassets; sourceTree = "<group>"; };
		8B39BF142B448CF1000DCAC0 /* Preview Assets.xcassets */ = {isa = PBXFileReference; lastKnownFileType = folder.assetcatalog; path = "Preview Assets.xcassets"; sourceTree = "<group>"; };
		8B39BF1A2B448CF1000DCAC0 /* LandMarkTests.xctest */ = {isa = PBXFileReference; explicitFileType = wrapper.cfbundle; includeInIndex = 0; path = LandMarkTests.xctest; sourceTree = BUILT_PRODUCTS_DIR; };
		8B39BF1E2B448CF1000DCAC0 /* LandMarkTests.swift */ = {isa = PBXFileReference; lastKnownFileType = sourcecode.swift; path = LandMarkTests.swift; sourceTree = "<group>"; };
		8B39BF242B448CF1000DCAC0 /* LandMarkUITests.xctest */ = {isa = PBXFileReference; explicitFileType = wrapper.cfbundle; includeInIndex = 0; path = LandMarkUITests.xctest; sourceTree = BUILT_PRODUCTS_DIR; };
		8B39BF282B448CF1000DCAC0 /* LandMarkUITests.swift */ = {isa = PBXFileReference; lastKnownFileType = sourcecode.swift; path = LandMarkUITests.swift; sourceTree = "<group>"; };
		8B39BF2A2B448CF1000DCAC0 /* LandMarkUITestsLaunchTests.swift */ = {isa = PBXFileReference; lastKnownFileType = sourcecode.swift; path = LandMarkUITestsLaunchTests.swift; sourceTree = "<group>"; };
		8B39BF372B448DE6000DCAC0 /* CircularImageView.swift */ = {isa = PBXFileReference; lastKnownFileType = sourcecode.swift; path = CircularImageView.swift; sourceTree = "<group>"; };
		8B5141272B49DFE400B03C46 /* landmarkData.json */ = {isa = PBXFileReference; fileEncoding = 4; lastKnownFileType = text.json; path = landmarkData.json; sourceTree = "<group>"; };
		8B51412B2B49E17000B03C46 /* LandMark.swift */ = {isa = PBXFileReference; lastKnownFileType = sourcecode.swift; path = LandMark.swift; sourceTree = "<group>"; };
		8B9201102B4B2B1F00FEA908 /* ModelData.swift */ = {isa = PBXFileReference; lastKnownFileType = sourcecode.swift; path = ModelData.swift; sourceTree = "<group>"; };
		8B9368A82E41FA570014AE6E /* CategoryRow.swift */ = {isa = PBXFileReference; lastKnownFileType = sourcecode.swift; path = CategoryRow.swift; sourceTree = "<group>"; };
		8B9368AA2E41FFC70014AE6E /* CategoryItem.swift */ = {isa = PBXFileReference; lastKnownFileType = sourcecode.swift; path = CategoryItem.swift; sourceTree = "<group>"; };
		8B9368AD2E4222400014AE6E /* Profile.swift */ = {isa = PBXFileReference; lastKnownFileType = sourcecode.swift; path = Profile.swift; sourceTree = "<group>"; };
		8B9368AF2E42269D0014AE6E /* ProfileHost.swift */ = {isa = PBXFileReference; lastKnownFileType = sourcecode.swift; path = ProfileHost.swift; sourceTree = "<group>"; };
		8B9368B12E4226F60014AE6E /* ProfileSummary.swift */ = {isa = PBXFileReference; lastKnownFileType = sourcecode.swift; path = ProfileSummary.swift; sourceTree = "<group>"; };
		8B9368B72E422A1A0014AE6E /* Badge.swift */ = {isa = PBXFileReference; lastKnownFileType = sourcecode.swift; path = Badge.swift; sourceTree = "<group>"; };
		8B9368B92E422A500014AE6E /* BadgeBackground.swift */ = {isa = PBXFileReference; lastKnownFileType = sourcecode.swift; path = BadgeBackground.swift; sourceTree = "<group>"; };
		8B9368BB2E422A650014AE6E /* BadgeSymbol.swift */ = {isa = PBXFileReference; lastKnownFileType = sourcecode.swift; path = BadgeSymbol.swift; sourceTree = "<group>"; };
		8B9368BD2E422A870014AE6E /* RotatedBadgeSymbol.swift */ = {isa = PBXFileReference; lastKnownFileType = sourcecode.swift; path = RotatedBadgeSymbol.swift; sourceTree = "<group>"; };
		8B9368BF2E422AA00014AE6E /* HexagonParameters.swift */ = {isa = PBXFileReference; lastKnownFileType = sourcecode.swift; path = HexagonParameters.swift; sourceTree = "<group>"; };
		8B9368C12E422F600014AE6E /* HikeBadge.swift */ = {isa = PBXFileReference; lastKnownFileType = sourcecode.swift; path = HikeBadge.swift; sourceTree = "<group>"; };
		8B9368C32E4238590014AE6E /* ProfileEditor.swift */ = {isa = PBXFileReference; lastKnownFileType = sourcecode.swift; path = ProfileEditor.swift; sourceTree = "<group>"; };
		8B9F06442B7175130002607F /* GraphCapsule.swift */ = {isa = PBXFileReference; fileEncoding = 4; lastKnownFileType = sourcecode.swift; path = GraphCapsule.swift; sourceTree = "<group>"; };
		8B9F06452B7175130002607F /* HikeGraph.swift */ = {isa = PBXFileReference; fileEncoding = 4; lastKnownFileType = sourcecode.swift; path = HikeGraph.swift; sourceTree = "<group>"; };
		8B9F06462B7175130002607F /* HikeDetail.swift */ = {isa = PBXFileReference; fileEncoding = 4; lastKnownFileType = sourcecode.swift; path = HikeDetail.swift; sourceTree = "<group>"; };
		8B9F06472B7175130002607F /* HikeView.swift */ = {isa = PBXFileReference; fileEncoding = 4; lastKnownFileType = sourcecode.swift; path = HikeView.swift; sourceTree = "<group>"; };
		8BAF3B552B51CD6F002ACECE /* LandMarkList.swift */ = {isa = PBXFileReference; lastKnownFileType = sourcecode.swift; path = LandMarkList.swift; sourceTree = "<group>"; };
		8BB6F0442B59ABCA00093F66 /* FavoriteButton.swift */ = {isa = PBXFileReference; lastKnownFileType = sourcecode.swift; path = FavoriteButton.swift; sourceTree = "<group>"; };
		8BC7D6C02B868DA300A1AB5A /* CategoryHome.swift */ = {isa = PBXFileReference; lastKnownFileType = sourcecode.swift; path = CategoryHome.swift; sourceTree = "<group>"; };
		8BCF553C2B6ADC1800B164BE /* hikeData.json */ = {isa = PBXFileReference; fileEncoding = 4; lastKnownFileType = text.json; path = hikeData.json; sourceTree = "<group>"; };
		8BD509C32B4DD44400098842 /* LandMarkRow.swift */ = {isa = PBXFileReference; fileEncoding = 4; lastKnownFileType = sourcecode.swift; path = LandMarkRow.swift; sourceTree = "<group>"; };
		8BF6C6BC2B6D7A1F003DB64F /* Hike.swift */ = {isa = PBXFileReference; lastKnownFileType = sourcecode.swift; path = Hike.swift; sourceTree = "<group>"; };
/* End PBXFileReference section */

/* Begin PBXFrameworksBuildPhase section */
		8B39BF072B448CEF000DCAC0 /* Frameworks */ = {
			isa = PBXFrameworksBuildPhase;
			buildActionMask = 2147483647;
			files = (
			);
			runOnlyForDeploymentPostprocessing = 0;
		};
		8B39BF172B448CF1000DCAC0 /* Frameworks */ = {
			isa = PBXFrameworksBuildPhase;
			buildActionMask = 2147483647;
			files = (
			);
			runOnlyForDeploymentPostprocessing = 0;
		};
		8B39BF212B448CF1000DCAC0 /* Frameworks */ = {
			isa = PBXFrameworksBuildPhase;
			buildActionMask = 2147483647;
			files = (
			);
			runOnlyForDeploymentPostprocessing = 0;
		};
/* End PBXFrameworksBuildPhase section */

/* Begin PBXGroup section */
		8B39BF012B448CEF000DCAC0 = {
			isa = PBXGroup;
			children = (
				8B39BF0C2B448CEF000DCAC0 /* LandMark */,
				8B39BF1D2B448CF1000DCAC0 /* LandMarkTests */,
				8B39BF272B448CF1000DCAC0 /* LandMarkUITests */,
				8B39BF0B2B448CEF000DCAC0 /* Products */,
			);
			sourceTree = "<group>";
		};
		8B39BF0B2B448CEF000DCAC0 /* Products */ = {
			isa = PBXGroup;
			children = (
				8B39BF0A2B448CEF000DCAC0 /* LandMark.app */,
				8B39BF1A2B448CF1000DCAC0 /* LandMarkTests.xctest */,
				8B39BF242B448CF1000DCAC0 /* LandMarkUITests.xctest */,
			);
			name = Products;
			sourceTree = "<group>";
		};
		8B39BF0C2B448CEF000DCAC0 /* LandMark */ = {
			isa = PBXGroup;
			children = (
				8B39BF0D2B448CEF000DCAC0 /* LandMarkApp.swift */,
				8BA549BA2B4C80CD0045D7DA /* Resources */,
				8BA549B92B4C80C10045D7DA /* Model */,
				8BA549B82B4C80AA0045D7DA /* Views */,
				8B39BF112B448CF1000DCAC0 /* Assets.xcassets */,
				8B39BF132B448CF1000DCAC0 /* Preview Content */,
			);
			path = LandMark;
			sourceTree = "<group>";
		};
		8B39BF132B448CF1000DCAC0 /* Preview Content */ = {
			isa = PBXGroup;
			children = (
				8B39BF142B448CF1000DCAC0 /* Preview Assets.xcassets */,
			);
			path = "Preview Content";
			sourceTree = "<group>";
		};
		8B39BF1D2B448CF1000DCAC0 /* LandMarkTests */ = {
			isa = PBXGroup;
			children = (
				8B39BF1E2B448CF1000DCAC0 /* LandMarkTests.swift */,
			);
			path = LandMarkTests;
			sourceTree = "<group>";
		};
		8B39BF272B448CF1000DCAC0 /* LandMarkUITests */ = {
			isa = PBXGroup;
			children = (
				8B39BF282B448CF1000DCAC0 /* LandMarkUITests.swift */,
				8B39BF2A2B448CF1000DCAC0 /* LandMarkUITestsLaunchTests.swift */,
			);
			path = LandMarkUITests;
			sourceTree = "<group>";
		};
		8B9368A72E41F0430014AE6E /* Categories */ = {
			isa = PBXGroup;
			children = (
				8BC7D6C02B868DA300A1AB5A /* CategoryHome.swift */,
				8B9368A82E41FA570014AE6E /* CategoryRow.swift */,
				8B9368AA2E41FFC70014AE6E /* CategoryItem.swift */,
			);
			path = Categories;
			sourceTree = "<group>";
		};
		8B9368AC2E4222220014AE6E /* Profile */ = {
			isa = PBXGroup;
			children = (
				8B9368AD2E4222400014AE6E /* Profile.swift */,
				8B9368AF2E42269D0014AE6E /* ProfileHost.swift */,
				8B9368B12E4226F60014AE6E /* ProfileSummary.swift */,
				8B9368C32E4238590014AE6E /* ProfileEditor.swift */,
			);
			path = Profile;
			sourceTree = "<group>";
		};
		8B9368B62E4229FA0014AE6E /* Badges */ = {
			isa = PBXGroup;
			children = (
				8B9368B72E422A1A0014AE6E /* Badge.swift */,
				8B9368B92E422A500014AE6E /* BadgeBackground.swift */,
				8B9368BB2E422A650014AE6E /* BadgeSymbol.swift */,
				8B9368BD2E422A870014AE6E /* RotatedBadgeSymbol.swift */,
				8B9368BF2E422AA00014AE6E /* HexagonParameters.swift */,
				8B9368C12E422F600014AE6E /* HikeBadge.swift */,
			);
			path = Badges;
			sourceTree = "<group>";
		};
		8B9F06432B7175130002607F /* Hikes */ = {
			isa = PBXGroup;
			children = (
				8B9F06442B7175130002607F /* GraphCapsule.swift */,
				8B9F06452B7175130002607F /* HikeGraph.swift */,
				8B9F06462B7175130002607F /* HikeDetail.swift */,
				8B9F06472B7175130002607F /* HikeView.swift */,
			);
			path = Hikes;
			sourceTree = "<group>";
		};
		8BA549B82B4C80AA0045D7DA /* Views */ = {
			isa = PBXGroup;
			children = (
				8B9368B62E4229FA0014AE6E /* Badges */,
				8B9368AC2E4222220014AE6E /* Profile */,
				8B9368A72E41F0430014AE6E /* Categories */,
				8B9F06432B7175130002607F /* Hikes */,
				8B39BF0F2B448CEF000DCAC0 /* ContentView.swift */,
				8BB6F0432B59AB9700093F66 /* LandMark */,
				8BB6F0422B59AAF400093F66 /* Helper */,
			);
			path = Views;
			sourceTree = "<group>";
		};
		8BA549B92B4C80C10045D7DA /* Model */ = {
			isa = PBXGroup;
			children = (
				8B9201102B4B2B1F00FEA908 /* ModelData.swift */,
				8B51412B2B49E17000B03C46 /* LandMark.swift */,
				8BF6C6BC2B6D7A1F003DB64F /* Hike.swift */,
			);
			path = Model;
			sourceTree = "<group>";
		};
		8BA549BA2B4C80CD0045D7DA /* Resources */ = {
			isa = PBXGroup;
			children = (
				8BCF553C2B6ADC1800B164BE /* hikeData.json */,
				8B5141272B49DFE400B03C46 /* landmarkData.json */,
			);
			path = Resources;
			sourceTree = "<group>";
		};
		8BB6F0422B59AAF400093F66 /* Helper */ = {
			isa = PBXGroup;
			children = (
				8B39BF372B448DE6000DCAC0 /* CircularImageView.swift */,
				8B04B12D2B45F4E3006B1914 /* LandMapView.swift */,
				8BB6F0442B59ABCA00093F66 /* FavoriteButton.swift */,
			);
			path = Helper;
			sourceTree = "<group>";
		};
		8BB6F0432B59AB9700093F66 /* LandMark */ = {
			isa = PBXGroup;
			children = (
				8BD509C32B4DD44400098842 /* LandMarkRow.swift */,
				8BAF3B552B51CD6F002ACECE /* LandMarkList.swift */,
				8B028A8E2B54534E002F87AF /* LandMarkDetail.swift */,
			);
			path = LandMark;
			sourceTree = "<group>";
		};
/* End PBXGroup section */

/* Begin PBXNativeTarget section */
		8B39BF092B448CEF000DCAC0 /* LandMark */ = {
			isa = PBXNativeTarget;
			buildConfigurationList = 8B39BF2E2B448CF1000DCAC0 /* Build configuration list for PBXNativeTarget "LandMark" */;
			buildPhases = (
				8B39BF062B448CEF000DCAC0 /* Sources */,
				8B39BF072B448CEF000DCAC0 /* Frameworks */,
				8B39BF082B448CEF000DCAC0 /* Resources */,
			);
			buildRules = (
			);
			dependencies = (
			);
			name = LandMark;
			productName = LandMark;
			productReference = 8B39BF0A2B448CEF000DCAC0 /* LandMark.app */;
			productType = "com.apple.product-type.application";
		};
		8B39BF192B448CF1000DCAC0 /* LandMarkTests */ = {
			isa = PBXNativeTarget;
			buildConfigurationList = 8B39BF312B448CF1000DCAC0 /* Build configuration list for PBXNativeTarget "LandMarkTests" */;
			buildPhases = (
				8B39BF162B448CF1000DCAC0 /* Sources */,
				8B39BF172B448CF1000DCAC0 /* Frameworks */,
				8B39BF182B448CF1000DCAC0 /* Resources */,
			);
			buildRules = (
			);
			dependencies = (
				8B39BF1C2B448CF1000DCAC0 /* PBXTargetDependency */,
			);
			name = LandMarkTests;
			productName = LandMarkTests;
			productReference = 8B39BF1A2B448CF1000DCAC0 /* LandMarkTests.xctest */;
			productType = "com.apple.product-type.bundle.unit-test";
		};
		8B39BF232B448CF1000DCAC0 /* LandMarkUITests */ = {
			isa = PBXNativeTarget;
			buildConfigurationList = 8B39BF342B448CF1000DCAC0 /* Build configuration list for PBXNativeTarget "LandMarkUITests" */;
			buildPhases = (
				8B39BF202B448CF1000DCAC0 /* Sources */,
				8B39BF212B448CF1000DCAC0 /* Frameworks */,
				8B39BF222B448CF1000DCAC0 /* Resources */,
			);
			buildRules = (
			);
			dependencies = (
				8B39BF262B448CF1000DCAC0 /* PBXTargetDependency */,
			);
			name = LandMarkUITests;
			productName = LandMarkUITests;
			productReference = 8B39BF242B448CF1000DCAC0 /* LandMarkUITests.xctest */;
			productType = "com.apple.product-type.bundle.ui-testing";
		};
/* End PBXNativeTarget section */

/* Begin PBXProject section */
		8B39BF022B448CEF000DCAC0 /* Project object */ = {
			isa = PBXProject;
			attributes = {
				BuildIndependentTargetsInParallel = 1;
				LastSwiftUpdateCheck = 1500;
				LastUpgradeCheck = 1600;
				TargetAttributes = {
					8B39BF092B448CEF000DCAC0 = {
						CreatedOnToolsVersion = 15.0;
					};
					8B39BF192B448CF1000DCAC0 = {
						CreatedOnToolsVersion = 15.0;
						TestTargetID = 8B39BF092B448CEF000DCAC0;
					};
					8B39BF232B448CF1000DCAC0 = {
						CreatedOnToolsVersion = 15.0;
						TestTargetID = 8B39BF092B448CEF000DCAC0;
					};
				};
			};
			buildConfigurationList = 8B39BF052B448CEF000DCAC0 /* Build configuration list for PBXProject "LandMark" */;
			compatibilityVersion = "Xcode 14.0";
			developmentRegion = en;
			hasScannedForEncodings = 0;
			knownRegions = (
				en,
				Base,
			);
			mainGroup = 8B39BF012B448CEF000DCAC0;
			productRefGroup = 8B39BF0B2B448CEF000DCAC0 /* Products */;
			projectDirPath = "";
			projectRoot = "";
			targets = (
				8B39BF092B448CEF000DCAC0 /* LandMark */,
				8B39BF192B448CF1000DCAC0 /* LandMarkTests */,
				8B39BF232B448CF1000DCAC0 /* LandMarkUITests */,
			);
		};
/* End PBXProject section */

/* Begin PBXResourcesBuildPhase section */
		8B39BF082B448CEF000DCAC0 /* Resources */ = {
			isa = PBXResourcesBuildPhase;
			buildActionMask = 2147483647;
			files = (
				8BCF553D2B6ADC1800B164BE /* hikeData.json in Resources */,
				8B39BF152B448CF1000DCAC0 /* Preview Assets.xcassets in Resources */,
				8B39BF122B448CF1000DCAC0 /* Assets.xcassets in Resources */,
				8B5141282B49DFE500B03C46 /* landmarkData.json in Resources */,
			);
			runOnlyForDeploymentPostprocessing = 0;
		};
		8B39BF182B448CF1000DCAC0 /* Resources */ = {
			isa = PBXResourcesBuildPhase;
			buildActionMask = 2147483647;
			files = (
				8B5141292B49DFE500B03C46 /* landmarkData.json in Resources */,
			);
			runOnlyForDeploymentPostprocessing = 0;
		};
		8B39BF222B448CF1000DCAC0 /* Resources */ = {
			isa = PBXResourcesBuildPhase;
			buildActionMask = 2147483647;
			files = (
				8B51412A2B49DFE500B03C46 /* landmarkData.json in Resources */,
			);
			runOnlyForDeploymentPostprocessing = 0;
		};
/* End PBXResourcesBuildPhase section */

/* Begin PBXSourcesBuildPhase section */
		8B39BF062B448CEF000DCAC0 /* Sources */ = {
			isa = PBXSourcesBuildPhase;
			buildActionMask = 2147483647;
			files = (
				8B04B12E2B45F4E3006B1914 /* LandMapView.swift in Sources */,
				8BD509C42B4DD44400098842 /* LandMarkRow.swift in Sources */,
				8B39BF102B448CEF000DCAC0 /* ContentView.swift in Sources */,
				8BB6F0452B59ABCA00093F66 /* FavoriteButton.swift in Sources */,
				8BF6C6BD2B6D7A1F003DB64F /* Hike.swift in Sources */,
				8B9F064B2B7175130002607F /* HikeView.swift in Sources */,
				8B9368C22E422F600014AE6E /* HikeBadge.swift in Sources */,
				8B9F06482B7175130002607F /* GraphCapsule.swift in Sources */,
				8B9368C02E422AA00014AE6E /* HexagonParameters.swift in Sources */,
				8BAF3B562B51CD6F002ACECE /* LandMarkList.swift in Sources */,
				8B028A8F2B54534E002F87AF /* LandMarkDetail.swift in Sources */,
				8B9368BC2E422A650014AE6E /* BadgeSymbol.swift in Sources */,
				8B9368AE2E4222400014AE6E /* Profile.swift in Sources */,
				8B9368B22E4226F60014AE6E /* ProfileSummary.swift in Sources */,
				8BC7D6C12B868DA300A1AB5A /* CategoryHome.swift in Sources */,
				8B51412C2B49E17000B03C46 /* LandMark.swift in Sources */,
				8B39BF382B448DE6000DCAC0 /* CircularImageView.swift in Sources */,
				8B39BF0E2B448CEF000DCAC0 /* LandMarkApp.swift in Sources */,
				8B9368C42E4238590014AE6E /* ProfileEditor.swift in Sources */,
				8B9368BE2E422A870014AE6E /* RotatedBadgeSymbol.swift in Sources */,
				8B9F06492B7175130002607F /* HikeGraph.swift in Sources */,
				8B9201112B4B2B1F00FEA908 /* ModelData.swift in Sources */,
				8B9F064A2B7175130002607F /* HikeDetail.swift in Sources */,
				8B9368BA2E422A500014AE6E /* BadgeBackground.swift in Sources */,
				8B9368B82E422A1A0014AE6E /* Badge.swift in Sources */,
				8B9368AB2E41FFC70014AE6E /* CategoryItem.swift in Sources */,
				8B9368A92E41FA570014AE6E /* CategoryRow.swift in Sources */,
				8B9368B02E42269D0014AE6E /* ProfileHost.swift in Sources */,
			);
			runOnlyForDeploymentPostprocessing = 0;
		};
		8B39BF162B448CF1000DCAC0 /* Sources */ = {
			isa = PBXSourcesBuildPhase;
			buildActionMask = 2147483647;
			files = (
				8B51412D2B49E17000B03C46 /* LandMark.swift in Sources */,
				8B9201122B4B2B1F00FEA908 /* ModelData.swift in Sources */,
				8BD509C52B4DD44400098842 /* LandMarkRow.swift in Sources */,
				8B39BF1F2B448CF1000DCAC0 /* LandMarkTests.swift in Sources */,
			);
			runOnlyForDeploymentPostprocessing = 0;
		};
		8B39BF202B448CF1000DCAC0 /* Sources */ = {
			isa = PBXSourcesBuildPhase;
			buildActionMask = 2147483647;
			files = (
				8B39BF2B2B448CF1000DCAC0 /* LandMarkUITestsLaunchTests.swift in Sources */,
				8B51412E2B49E17000B03C46 /* LandMark.swift in Sources */,
				8B39BF292B448CF1000DCAC0 /* LandMarkUITests.swift in Sources */,
				8B9201132B4B2B1F00FEA908 /* ModelData.swift in Sources */,
				8BD509C62B4DD44400098842 /* LandMarkRow.swift in Sources */,
			);
			runOnlyForDeploymentPostprocessing = 0;
		};
/* End PBXSourcesBuildPhase section */

/* Begin PBXTargetDependency section */
		8B39BF1C2B448CF1000DCAC0 /* PBXTargetDependency */ = {
			isa = PBXTargetDependency;
			target = 8B39BF092B448CEF000DCAC0 /* LandMark */;
			targetProxy = 8B39BF1B2B448CF1000DCAC0 /* PBXContainerItemProxy */;
		};
		8B39BF262B448CF1000DCAC0 /* PBXTargetDependency */ = {
			isa = PBXTargetDependency;
			target = 8B39BF092B448CEF000DCAC0 /* LandMark */;
			targetProxy = 8B39BF252B448CF1000DCAC0 /* PBXContainerItemProxy */;
		};
/* End PBXTargetDependency section */

/* Begin XCBuildConfiguration section */
		8B39BF2C2B448CF1000DCAC0 /* Debug */ = {
			isa = XCBuildConfiguration;
			buildSettings = {
				ALWAYS_SEARCH_USER_PATHS = NO;
				ASSETCATALOG_COMPILER_GENERATE_SWIFT_ASSET_SYMBOL_EXTENSIONS = YES;
				CLANG_ANALYZER_NONNULL = YES;
				CLANG_ANALYZER_NUMBER_OBJECT_CONVERSION = YES_AGGRESSIVE;
				CLANG_CXX_LANGUAGE_STANDARD = "gnu++20";
				CLANG_ENABLE_MODULES = YES;
				CLANG_ENABLE_OBJC_ARC = YES;
				CLANG_ENABLE_OBJC_WEAK = YES;
				CLANG_WARN_BLOCK_CAPTURE_AUTORELEASING = YES;
				CLANG_WARN_BOOL_CONVERSION = YES;
				CLANG_WARN_COMMA = YES;
				CLANG_WARN_CONSTANT_CONVERSION = YES;
				CLANG_WARN_DEPRECATED_OBJC_IMPLEMENTATIONS = YES;
				CLANG_WARN_DIRECT_OBJC_ISA_USAGE = YES_ERROR;
				CLANG_WARN_DOCUMENTATION_COMMENTS = YES;
				CLANG_WARN_EMPTY_BODY = YES;
				CLANG_WARN_ENUM_CONVERSION = YES;
				CLANG_WARN_INFINITE_RECURSION = YES;
				CLANG_WARN_INT_CONVERSION = YES;
				CLANG_WARN_NON_LITERAL_NULL_CONVERSION = YES;
				CLANG_WARN_OBJC_IMPLICIT_RETAIN_SELF = YES;
				CLANG_WARN_OBJC_LITERAL_CONVERSION = YES;
				CLANG_WARN_OBJC_ROOT_CLASS = YES_ERROR;
				CLANG_WARN_QUOTED_INCLUDE_IN_FRAMEWORK_HEADER = YES;
				CLANG_WARN_RANGE_LOOP_ANALYSIS = YES;
				CLANG_WARN_STRICT_PROTOTYPES = YES;
				CLANG_WARN_SUSPICIOUS_MOVE = YES;
				CLANG_WARN_UNGUARDED_AVAILABILITY = YES_AGGRESSIVE;
				CLANG_WARN_UNREACHABLE_CODE = YES;
				CLANG_WARN__DUPLICATE_METHOD_MATCH = YES;
				COPY_PHASE_STRIP = NO;
				DEBUG_INFORMATION_FORMAT = dwarf;
				ENABLE_STRICT_OBJC_MSGSEND = YES;
				ENABLE_TESTABILITY = YES;
				ENABLE_USER_SCRIPT_SANDBOXING = YES;
				GCC_C_LANGUAGE_STANDARD = gnu17;
				GCC_DYNAMIC_NO_PIC = NO;
				GCC_NO_COMMON_BLOCKS = YES;
				GCC_OPTIMIZATION_LEVEL = 0;
				GCC_PREPROCESSOR_DEFINITIONS = (
					"DEBUG=1",
					"$(inherited)",
				);
				GCC_WARN_64_TO_32_BIT_CONVERSION = YES;
				GCC_WARN_ABOUT_RETURN_TYPE = YES_ERROR;
				GCC_WARN_UNDECLARED_SELECTOR = YES;
				GCC_WARN_UNINITIALIZED_AUTOS = YES_AGGRESSIVE;
				GCC_WARN_UNUSED_FUNCTION = YES;
				GCC_WARN_UNUSED_VARIABLE = YES;
				IPHONEOS_DEPLOYMENT_TARGET = 17.0;
				LOCALIZATION_PREFERS_STRING_CATALOGS = YES;
				MTL_ENABLE_DEBUG_INFO = INCLUDE_SOURCE;
				MTL_FAST_MATH = YES;
				ONLY_ACTIVE_ARCH = YES;
				SDKROOT = iphoneos;
				SWIFT_ACTIVE_COMPILATION_CONDITIONS = "DEBUG $(inherited)";
				SWIFT_OPTIMIZATION_LEVEL = "-Onone";
			};
			name = Debug;
		};
		8B39BF2D2B448CF1000DCAC0 /* Release */ = {
			isa = XCBuildConfiguration;
			buildSettings = {
				ALWAYS_SEARCH_USER_PATHS = NO;
				ASSETCATALOG_COMPILER_GENERATE_SWIFT_ASSET_SYMBOL_EXTENSIONS = YES;
				CLANG_ANALYZER_NONNULL = YES;
				CLANG_ANALYZER_NUMBER_OBJECT_CONVERSION = YES_AGGRESSIVE;
				CLANG_CXX_LANGUAGE_STANDARD = "gnu++20";
				CLANG_ENABLE_MODULES = YES;
				CLANG_ENABLE_OBJC_ARC = YES;
				CLANG_ENABLE_OBJC_WEAK = YES;
				CLANG_WARN_BLOCK_CAPTURE_AUTORELEASING = YES;
				CLANG_WARN_BOOL_CONVERSION = YES;
				CLANG_WARN_COMMA = YES;
				CLANG_WARN_CONSTANT_CONVERSION = YES;
				CLANG_WARN_DEPRECATED_OBJC_IMPLEMENTATIONS = YES;
				CLANG_WARN_DIRECT_OBJC_ISA_USAGE = YES_ERROR;
				CLANG_WARN_DOCUMENTATION_COMMENTS = YES;
				CLANG_WARN_EMPTY_BODY = YES;
				CLANG_WARN_ENUM_CONVERSION = YES;
				CLANG_WARN_INFINITE_RECURSION = YES;
				CLANG_WARN_INT_CONVERSION = YES;
				CLANG_WARN_NON_LITERAL_NULL_CONVERSION = YES;
				CLANG_WARN_OBJC_IMPLICIT_RETAIN_SELF = YES;
				CLANG_WARN_OBJC_LITERAL_CONVERSION = YES;
				CLANG_WARN_OBJC_ROOT_CLASS = YES_ERROR;
				CLANG_WARN_QUOTED_INCLUDE_IN_FRAMEWORK_HEADER = YES;
				CLANG_WARN_RANGE_LOOP_ANALYSIS = YES;
				CLANG_WARN_STRICT_PROTOTYPES = YES;
				CLANG_WARN_SUSPICIOUS_MOVE = YES;
				CLANG_WARN_UNGUARDED_AVAILABILITY = YES_AGGRESSIVE;
				CLANG_WARN_UNREACHABLE_CODE = YES;
				CLANG_WARN__DUPLICATE_METHOD_MATCH = YES;
				COPY_PHASE_STRIP = NO;
				DEBUG_INFORMATION_FORMAT = "dwarf-with-dsym";
				ENABLE_NS_ASSERTIONS = NO;
				ENABLE_STRICT_OBJC_MSGSEND = YES;
				ENABLE_USER_SCRIPT_SANDBOXING = YES;
				GCC_C_LANGUAGE_STANDARD = gnu17;
				GCC_NO_COMMON_BLOCKS = YES;
				GCC_WARN_64_TO_32_BIT_CONVERSION = YES;
				GCC_WARN_ABOUT_RETURN_TYPE = YES_ERROR;
				GCC_WARN_UNDECLARED_SELECTOR = YES;
				GCC_WARN_UNINITIALIZED_AUTOS = YES_AGGRESSIVE;
				GCC_WARN_UNUSED_FUNCTION = YES;
				GCC_WARN_UNUSED_VARIABLE = YES;
				IPHONEOS_DEPLOYMENT_TARGET = 17.0;
				LOCALIZATION_PREFERS_STRING_CATALOGS = YES;
				MTL_ENABLE_DEBUG_INFO = NO;
				MTL_FAST_MATH = YES;
				SDKROOT = iphoneos;
				SWIFT_COMPILATION_MODE = wholemodule;
				VALIDATE_PRODUCT = YES;
			};
			name = Release;
		};
		8B39BF2F2B448CF1000DCAC0 /* Debug */ = {
			isa = XCBuildConfiguration;
			buildSettings = {
				ASSETCATALOG_COMPILER_APPICON_NAME = AppIcon;
				ASSETCATALOG_COMPILER_GLOBAL_ACCENT_COLOR_NAME = AccentColor;
				CODE_SIGN_STYLE = Automatic;
				CURRENT_PROJECT_VERSION = 1;
				DEVELOPMENT_ASSET_PATHS = "\"LandMark/Preview Content\"";
				ENABLE_PREVIEWS = YES;
				GENERATE_INFOPLIST_FILE = YES;
				INFOPLIST_KEY_UIApplicationSceneManifest_Generation = YES;
				INFOPLIST_KEY_UIApplicationSupportsIndirectInputEvents = YES;
				INFOPLIST_KEY_UILaunchScreen_Generation = YES;
				INFOPLIST_KEY_UISupportedInterfaceOrientations_iPad = "UIInterfaceOrientationPortrait UIInterfaceOrientationPortraitUpsideDown UIInterfaceOrientationLandscapeLeft UIInterfaceOrientationLandscapeRight";
				INFOPLIST_KEY_UISupportedInterfaceOrientations_iPhone = "UIInterfaceOrientationPortrait UIInterfaceOrientationLandscapeLeft UIInterfaceOrientationLandscapeRight";
				LD_RUNPATH_SEARCH_PATHS = (
					"$(inherited)",
					"@executable_path/Frameworks",
				);
				MARKETING_VERSION = 1.0;
				PRODUCT_BUNDLE_IDENTIFIER = com.app.LandMark;
				PRODUCT_NAME = "$(TARGET_NAME)";
				SWIFT_EMIT_LOC_STRINGS = YES;
				SWIFT_VERSION = 5.0;
				TARGETED_DEVICE_FAMILY = "1,2";
			};
			name = Debug;
		};
		8B39BF302B448CF1000DCAC0 /* Release */ = {
			isa = XCBuildConfiguration;
			buildSettings = {
				ASSETCATALOG_COMPILER_APPICON_NAME = AppIcon;
				ASSETCATALOG_COMPILER_GLOBAL_ACCENT_COLOR_NAME = AccentColor;
				CODE_SIGN_STYLE = Automatic;
				CURRENT_PROJECT_VERSION = 1;
				DEVELOPMENT_ASSET_PATHS = "\"LandMark/Preview Content\"";
				ENABLE_PREVIEWS = YES;
				GENERATE_INFOPLIST_FILE = YES;
				INFOPLIST_KEY_UIApplicationSceneManifest_Generation = YES;
				INFOPLIST_KEY_UIApplicationSupportsIndirectInputEvents = YES;
				INFOPLIST_KEY_UILaunchScreen_Generation = YES;
				INFOPLIST_KEY_UISupportedInterfaceOrientations_iPad = "UIInterfaceOrientationPortrait UIInterfaceOrientationPortraitUpsideDown UIInterfaceOrientationLandscapeLeft UIInterfaceOrientationLandscapeRight";
				INFOPLIST_KEY_UISupportedInterfaceOrientations_iPhone = "UIInterfaceOrientationPortrait UIInterfaceOrientationLandscapeLeft UIInterfaceOrientationLandscapeRight";
				LD_RUNPATH_SEARCH_PATHS = (
					"$(inherited)",
					"@executable_path/Frameworks",
				);
				MARKETING_VERSION = 1.0;
				PRODUCT_BUNDLE_IDENTIFIER = com.app.LandMark;
				PRODUCT_NAME = "$(TARGET_NAME)";
				SWIFT_EMIT_LOC_STRINGS = YES;
				SWIFT_VERSION = 5.0;
				TARGETED_DEVICE_FAMILY = "1,2";
			};
			name = Release;
		};
		8B39BF322B448CF1000DCAC0 /* Debug */ = {
			isa = XCBuildConfiguration;
			buildSettings = {
				BUNDLE_LOADER = "$(TEST_HOST)";
				CODE_SIGN_STYLE = Automatic;
				CURRENT_PROJECT_VERSION = 1;
				GENERATE_INFOPLIST_FILE = YES;
				IPHONEOS_DEPLOYMENT_TARGET = 17.0;
				MARKETING_VERSION = 1.0;
				PRODUCT_BUNDLE_IDENTIFIER = com.app.LandMarkTests;
				PRODUCT_NAME = "$(TARGET_NAME)";
				SWIFT_EMIT_LOC_STRINGS = NO;
				SWIFT_VERSION = 5.0;
				TARGETED_DEVICE_FAMILY = "1,2";
				TEST_HOST = "$(BUILT_PRODUCTS_DIR)/LandMark.app/$(BUNDLE_EXECUTABLE_FOLDER_PATH)/LandMark";
			};
			name = Debug;
		};
		8B39BF332B448CF1000DCAC0 /* Release */ = {
			isa = XCBuildConfiguration;
			buildSettings = {
				BUNDLE_LOADER = "$(TEST_HOST)";
				CODE_SIGN_STYLE = Automatic;
				CURRENT_PROJECT_VERSION = 1;
				GENERATE_INFOPLIST_FILE = YES;
				IPHONEOS_DEPLOYMENT_TARGET = 17.0;
				MARKETING_VERSION = 1.0;
				PRODUCT_BUNDLE_IDENTIFIER = com.app.LandMarkTests;
				PRODUCT_NAME = "$(TARGET_NAME)";
				SWIFT_EMIT_LOC_STRINGS = NO;
				SWIFT_VERSION = 5.0;
				TARGETED_DEVICE_FAMILY = "1,2";
				TEST_HOST = "$(BUILT_PRODUCTS_DIR)/LandMark.app/$(BUNDLE_EXECUTABLE_FOLDER_PATH)/LandMark";
			};
			name = Release;
		};
		8B39BF352B448CF1000DCAC0 /* Debug */ = {
			isa = XCBuildConfiguration;
			buildSettings = {
				CODE_SIGN_STYLE = Automatic;
				CURRENT_PROJECT_VERSION = 1;
				GENERATE_INFOPLIST_FILE = YES;
				MARKETING_VERSION = 1.0;
				PRODUCT_BUNDLE_IDENTIFIER = com.app.LandMarkUITests;
				PRODUCT_NAME = "$(TARGET_NAME)";
				SWIFT_EMIT_LOC_STRINGS = NO;
				SWIFT_VERSION = 5.0;
				TARGETED_DEVICE_FAMILY = "1,2";
				TEST_TARGET_NAME = LandMark;
			};
			name = Debug;
		};
		8B39BF362B448CF1000DCAC0 /* Release */ = {
			isa = XCBuildConfiguration;
			buildSettings = {
				CODE_SIGN_STYLE = Automatic;
				CURRENT_PROJECT_VERSION = 1;
				GENERATE_INFOPLIST_FILE = YES;
				MARKETING_VERSION = 1.0;
				PRODUCT_BUNDLE_IDENTIFIER = com.app.LandMarkUITests;
				PRODUCT_NAME = "$(TARGET_NAME)";
				SWIFT_EMIT_LOC_STRINGS = NO;
				SWIFT_VERSION = 5.0;
				TARGETED_DEVICE_FAMILY = "1,2";
				TEST_TARGET_NAME = LandMark;
			};
			name = Release;
		};
/* End XCBuildConfiguration section */

/* Begin XCConfigurationList section */
		8B39BF052B448CEF000DCAC0 /* Build configuration list for PBXProject "LandMark" */ = {
			isa = XCConfigurationList;
			buildConfigurations = (
				8B39BF2C2B448CF1000DCAC0 /* Debug */,
				8B39BF2D2B448CF1000DCAC0 /* Release */,
			);
			defaultConfigurationIsVisible = 0;
			defaultConfigurationName = Release;
		};
		8B39BF2E2B448CF1000DCAC0 /* Build configuration list for PBXNativeTarget "LandMark" */ = {
			isa = XCConfigurationList;
			buildConfigurations = (
				8B39BF2F2B448CF1000DCAC0 /* Debug */,
				8B39BF302B448CF1000DCAC0 /* Release */,
			);
			defaultConfigurationIsVisible = 0;
			defaultConfigurationName = Release;
		};
		8B39BF312B448CF1000DCAC0 /* Build configuration list for PBXNativeTarget "LandMarkTests" */ = {
			isa = XCConfigurationList;
			buildConfigurations = (
				8B39BF322B448CF1000DCAC0 /* Debug */,
				8B39BF332B448CF1000DCAC0 /* Release */,
			);
			defaultConfigurationIsVisible = 0;
			defaultConfigurationName = Release;
		};
		8B39BF342B448CF1000DCAC0 /* Build configuration list for PBXNativeTarget "LandMarkUITests" */ = {
			isa = XCConfigurationList;
			buildConfigurations = (
				8B39BF352B448CF1000DCAC0 /* Debug */,
				8B39BF362B448CF1000DCAC0 /* Release */,
			);
			defaultConfigurationIsVisible = 0;
			defaultConfigurationName = Release;
		};
/* End XCConfigurationList section */
	};
	rootObject = 8B39BF022B448CEF000DCAC0 /* Project object */;
}
